<Solution>
  <Project Path="../Fitness.Shared/Fitness.Shared.csproj" Id="8b4baeb9-c6d1-4457-8b35-1ba00a87bf09" />
  <Project Path="BuildingBlocks/BuildingBlocks.csproj" />
  <Project Path="docker-compose.dcproj">
    <Build />
  </Project>
  <Project Path="Fitness.Auth/Fitness.Auth.csproj" />
  <Project Path="Fitness.CalculationEngine/Fitness.CalculationEngine.csproj" />
  <Project Path="Fitness.Nutrition/Fitness.Nutrition.csproj" />
  <Project Path="Fitness.ProgressTracking/Fitness.ProgressTracking.csproj" />
  <Project Path="Fitness.UserProfile/Fitness.UserProfile.csproj" />
  <Project Path="Fitness.Workout/Fitness.Workout.csproj" />
</Solution>
